
Microsoft Visual Studio Solution File, Format Version 12.00
# Visual Studio Version 16
VisualStudioVersion = 16.0.29519.87
MinimumVisualStudioVersion = 10.0.40219.1
Project("{FAE04EC0-301F-11D3-BF4B-00C04F79EFBC}") = "TheKidPage", "TheKidPage\TheKidPage.csproj", "{FDC1C171-68D3-48C2-97FE-CD1D830D6AAD}"
EndProject
Global
	GlobalSection(SolutionConfigurationPlatforms) = preSolution
		Debug|Any CPU = Debug|Any CPU
		Release|Any CPU = Release|Any CPU
	EndGlobalSection
	GlobalSection(ProjectConfigurationPlatforms) = postSolution
		{FDC1C171-68D3-48C2-97FE-CD1D830D6AAD}.Debug|Any CPU.ActiveCfg = Debug|Any CPU
		{FDC1C171-68D3-48C2-97FE-CD1D830D6AAD}.Debug|Any CPU.Build.0 = Debug|Any CPU
		{FDC1C171-68D3-48C2-97FE-CD1D830D6AAD}.Release|Any CPU.ActiveCfg = Release|Any CPU
		{FDC1C171-68D3-48C2-97FE-CD1D830D6AAD}.Release|Any CPU.Build.0 = Release|Any CPU
	EndGlobalSection
	GlobalSection(SolutionProperties) = preSolution
		HideSolutionNode = FALSE
	EndGlobalSection
	GlobalSection(ExtensibilityGlobals) = postSolution
		SolutionGuid = {3BD49771-9116-400F-AA40-AECD274A30E6}
	EndGlobalSection
EndGlobal
